
Microsoft Visual Studio Solution File, Format Version 12.00
# Visual Studio Version 17
VisualStudioVersion = 17.5.33516.290
MinimumVisualStudioVersion = 10.0.40219.1
Project("{FAE04EC0-301F-11D3-BF4B-00C04F79EFBC}") = "Notebook2", "Notebook2\Notebook2.csproj", "{B7A095DC-3475-46C0-97C7-2A9565966998}"
EndProject
Global
	GlobalSection(SolutionConfigurationPlatforms) = preSolution
		Debug|Any CPU = Debug|Any CPU
		Release|Any CPU = Release|Any CPU
	EndGlobalSection
	GlobalSection(ProjectConfigurationPlatforms) = postSolution
		{B7A095DC-3475-46C0-97C7-2A9565966998}.Debug|Any CPU.ActiveCfg = Debug|Any CPU
		{B7A095DC-3475-46C0-97C7-2A9565966998}.Debug|Any CPU.Build.0 = Debug|Any CPU
		{B7A095DC-3475-46C0-97C7-2A9565966998}.Release|Any CPU.ActiveCfg = Release|Any CPU
		{B7A095DC-3475-46C0-97C7-2A9565966998}.Release|Any CPU.Build.0 = Release|Any CPU
	EndGlobalSection
	GlobalSection(SolutionProperties) = preSolution
		HideSolutionNode = FALSE
	EndGlobalSection
	GlobalSection(ExtensibilityGlobals) = postSolution
		SolutionGuid = {B0956912-2E95-4A84-B600-B6C63E50E79F}
	EndGlobalSection
EndGlobal
